<Solution>
  <Folder Name="/src/">
    <Project Path="src/Huntly.Api/Huntly.Api.csproj" />
    <Project Path="src/Huntly.Application/Huntly.Application.csproj" />
    <Project Path="src/Huntly.Core/Huntly.Core.csproj" />
    <Project Path="src/Huntly.Infra/Huntly.Infra.csproj" />
  </Folder>
</Solution>
